
Microsoft Visual Studio Solution File, Format Version 12.00
# Visual Studio Version 17
VisualStudioVersion = 17.10.35027.167
MinimumVisualStudioVersion = 10.0.40219.1
Project("{2150E333-8FDC-42A3-9474-1A3956D46DE8}") = "Backend", "Backend", "{108BA279-6BB3-4461-B9C1-69A88BB78BE4}"
EndProject
Project("{2150E333-8FDC-42A3-9474-1A3956D46DE8}") = "Frontend", "Frontend", "{83EC5D55-014B-4217-AD9F-7B7AE9D9E64A}"
EndProject
Project("{2150E333-8FDC-42A3-9474-1A3956D46DE8}") = "App", "App", "{B867CA6B-4761-440D-AC55-8F1FC43354BE}"
EndProject
Project("{2150E333-8FDC-42A3-9474-1A3956D46DE8}") = "Core", "Core", "{2D25EBEB-D6A8-4F56-AAF3-0B20102FCB0B}"
EndProject
Project("{2150E333-8FDC-42A3-9474-1A3956D46DE8}") = "Shared", "Shared", "{95CFE400-EA79-4D0E-A401-EF85EFD4C543}"
EndProject
Project("{2150E333-8FDC-42A3-9474-1A3956D46DE8}") = "Admin", "Admin", "{498C95D0-5957-4106-B7C0-BB3DF2285AC3}"
EndProject
Project("{2150E333-8FDC-42A3-9474-1A3956D46DE8}") = "Presentation", "Presentation", "{08E4BDB1-153B-44AE-9A1F-3E6E10B57C64}"
EndProject
Project("{54A90642-561A-4BB1-A94E-469ADEE60C69}") = "minibox-admin", "minibox-admin\minibox-admin.esproj", "{62F9D77C-CDAD-4C75-BE5E-A1B44EE44544}"
EndProject
Project("{54A90642-561A-4BB1-A94E-469ADEE60C69}") = "minibox-presentation", "minibox-presentation\minibox-presentation.esproj", "{9898A32B-729D-4009-B551-06716DDAE0CB}"
EndProject
Project("{FAE04EC0-301F-11D3-BF4B-00C04F79EFBC}") = "Minibox.Core.Data", "Minibox.Core.Data\Minibox.Core.Data.csproj", "{1A39B423-7E9B-48FA-8C8C-1AE314FFE93A}"
EndProject
Project("{FAE04EC0-301F-11D3-BF4B-00C04F79EFBC}") = "Minibox.Shared.Library", "Minibox.Shared.Library\Minibox.Shared.Library.csproj", "{0EE0D2D7-26B2-4C24-AF19-5C0997EB00BA}"
EndProject
Project("{FAE04EC0-301F-11D3-BF4B-00C04F79EFBC}") = "Minibox.Core.Service", "Minibox.Core.Service\Minibox.Core.Service.csproj", "{1F22E14E-06C7-4797-BEEA-D1095E16D6D9}"
EndProject
Project("{FAE04EC0-301F-11D3-BF4B-00C04F79EFBC}") = "Minibox.Shared.Model", "Minibox.Shared.Model\Minibox.Shared.Model.csproj", "{4DC45C18-451C-4E94-884F-1489DA9F821D}"
EndProject
Project("{2150E333-8FDC-42A3-9474-1A3956D46DE8}") = "Module", "Module", "{4F34B484-D396-4D0D-A440-DCE9D18D8E4C}"
EndProject
Project("{FAE04EC0-301F-11D3-BF4B-00C04F79EFBC}") = "Minibox.Shared.Module.Logging", "Minibox.Shared.Module.Logging\Minibox.Shared.Module.Logging.csproj", "{81BBE931-CCEB-4832-8E4A-E9755ADC8755}"
EndProject
Project("{FAE04EC0-301F-11D3-BF4B-00C04F79EFBC}") = "Minibox.Shared.Module.Mapping", "Minibox.Shared.Module.Mapping\Minibox.Shared.Module.Mapping.csproj", "{097F0D32-0DF1-40B2-B0B8-90640C210256}"
EndProject
Project("{00D1A9C2-B5F0-4AF3-8072-F6C62B433612}") = "Minibox.App.DatabaseDeployment", "Minibox.App.DatabaseDeployment\Minibox.App.DatabaseDeployment.sqlproj", "{F6F62217-A094-4A3F-B67A-588BCF295A0D}"
EndProject
Project("{FAE04EC0-301F-11D3-BF4B-00C04F79EFBC}") = "Minibox.App.Api", "Minibox.App.Api\Minibox.App.Api.csproj", "{7CD68A4D-178F-424B-BA7D-6941138D9024}"
EndProject
Global
	GlobalSection(SolutionConfigurationPlatforms) = preSolution
		Debug|Any CPU = Debug|Any CPU
		Release|Any CPU = Release|Any CPU
	EndGlobalSection
	GlobalSection(ProjectConfigurationPlatforms) = postSolution
		{62F9D77C-CDAD-4C75-BE5E-A1B44EE44544}.Debug|Any CPU.ActiveCfg = Debug|Any CPU
		{62F9D77C-CDAD-4C75-BE5E-A1B44EE44544}.Debug|Any CPU.Build.0 = Debug|Any CPU
		{62F9D77C-CDAD-4C75-BE5E-A1B44EE44544}.Debug|Any CPU.Deploy.0 = Debug|Any CPU
		{62F9D77C-CDAD-4C75-BE5E-A1B44EE44544}.Release|Any CPU.ActiveCfg = Release|Any CPU
		{62F9D77C-CDAD-4C75-BE5E-A1B44EE44544}.Release|Any CPU.Build.0 = Release|Any CPU
		{62F9D77C-CDAD-4C75-BE5E-A1B44EE44544}.Release|Any CPU.Deploy.0 = Release|Any CPU
		{9898A32B-729D-4009-B551-06716DDAE0CB}.Debug|Any CPU.ActiveCfg = Debug|Any CPU
		{9898A32B-729D-4009-B551-06716DDAE0CB}.Debug|Any CPU.Build.0 = Debug|Any CPU
		{9898A32B-729D-4009-B551-06716DDAE0CB}.Debug|Any CPU.Deploy.0 = Debug|Any CPU
		{9898A32B-729D-4009-B551-06716DDAE0CB}.Release|Any CPU.ActiveCfg = Release|Any CPU
		{9898A32B-729D-4009-B551-06716DDAE0CB}.Release|Any CPU.Build.0 = Release|Any CPU
		{9898A32B-729D-4009-B551-06716DDAE0CB}.Release|Any CPU.Deploy.0 = Release|Any CPU
		{1A39B423-7E9B-48FA-8C8C-1AE314FFE93A}.Debug|Any CPU.ActiveCfg = Debug|Any CPU
		{1A39B423-7E9B-48FA-8C8C-1AE314FFE93A}.Debug|Any CPU.Build.0 = Debug|Any CPU
		{1A39B423-7E9B-48FA-8C8C-1AE314FFE93A}.Release|Any CPU.ActiveCfg = Release|Any CPU
		{1A39B423-7E9B-48FA-8C8C-1AE314FFE93A}.Release|Any CPU.Build.0 = Release|Any CPU
		{0EE0D2D7-26B2-4C24-AF19-5C0997EB00BA}.Debug|Any CPU.ActiveCfg = Debug|Any CPU
		{0EE0D2D7-26B2-4C24-AF19-5C0997EB00BA}.Debug|Any CPU.Build.0 = Debug|Any CPU
		{0EE0D2D7-26B2-4C24-AF19-5C0997EB00BA}.Release|Any CPU.ActiveCfg = Release|Any CPU
		{0EE0D2D7-26B2-4C24-AF19-5C0997EB00BA}.Release|Any CPU.Build.0 = Release|Any CPU
		{1F22E14E-06C7-4797-BEEA-D1095E16D6D9}.Debug|Any CPU.ActiveCfg = Debug|Any CPU
		{1F22E14E-06C7-4797-BEEA-D1095E16D6D9}.Debug|Any CPU.Build.0 = Debug|Any CPU
		{1F22E14E-06C7-4797-BEEA-D1095E16D6D9}.Release|Any CPU.ActiveCfg = Release|Any CPU
		{1F22E14E-06C7-4797-BEEA-D1095E16D6D9}.Release|Any CPU.Build.0 = Release|Any CPU
		{4DC45C18-451C-4E94-884F-1489DA9F821D}.Debug|Any CPU.ActiveCfg = Debug|Any CPU
		{4DC45C18-451C-4E94-884F-1489DA9F821D}.Debug|Any CPU.Build.0 = Debug|Any CPU
		{4DC45C18-451C-4E94-884F-1489DA9F821D}.Release|Any CPU.ActiveCfg = Release|Any CPU
		{4DC45C18-451C-4E94-884F-1489DA9F821D}.Release|Any CPU.Build.0 = Release|Any CPU
		{81BBE931-CCEB-4832-8E4A-E9755ADC8755}.Debug|Any CPU.ActiveCfg = Debug|Any CPU
		{81BBE931-CCEB-4832-8E4A-E9755ADC8755}.Debug|Any CPU.Build.0 = Debug|Any CPU
		{81BBE931-CCEB-4832-8E4A-E9755ADC8755}.Release|Any CPU.ActiveCfg = Release|Any CPU
		{81BBE931-CCEB-4832-8E4A-E9755ADC8755}.Release|Any CPU.Build.0 = Release|Any CPU
		{097F0D32-0DF1-40B2-B0B8-90640C210256}.Debug|Any CPU.ActiveCfg = Debug|Any CPU
		{097F0D32-0DF1-40B2-B0B8-90640C210256}.Debug|Any CPU.Build.0 = Debug|Any CPU
		{097F0D32-0DF1-40B2-B0B8-90640C210256}.Release|Any CPU.ActiveCfg = Release|Any CPU
		{097F0D32-0DF1-40B2-B0B8-90640C210256}.Release|Any CPU.Build.0 = Release|Any CPU
		{F6F62217-A094-4A3F-B67A-588BCF295A0D}.Debug|Any CPU.ActiveCfg = Debug|Any CPU
		{F6F62217-A094-4A3F-B67A-588BCF295A0D}.Debug|Any CPU.Build.0 = Debug|Any CPU
		{F6F62217-A094-4A3F-B67A-588BCF295A0D}.Debug|Any CPU.Deploy.0 = Debug|Any CPU
		{F6F62217-A094-4A3F-B67A-588BCF295A0D}.Release|Any CPU.ActiveCfg = Release|Any CPU
		{F6F62217-A094-4A3F-B67A-588BCF295A0D}.Release|Any CPU.Build.0 = Release|Any CPU
		{F6F62217-A094-4A3F-B67A-588BCF295A0D}.Release|Any CPU.Deploy.0 = Release|Any CPU
		{7CD68A4D-178F-424B-BA7D-6941138D9024}.Debug|Any CPU.ActiveCfg = Debug|Any CPU
		{7CD68A4D-178F-424B-BA7D-6941138D9024}.Debug|Any CPU.Build.0 = Debug|Any CPU
		{7CD68A4D-178F-424B-BA7D-6941138D9024}.Release|Any CPU.ActiveCfg = Release|Any CPU
		{7CD68A4D-178F-424B-BA7D-6941138D9024}.Release|Any CPU.Build.0 = Release|Any CPU
	EndGlobalSection
	GlobalSection(SolutionProperties) = preSolution
		HideSolutionNode = FALSE
	EndGlobalSection
	GlobalSection(NestedProjects) = preSolution
		{B867CA6B-4761-440D-AC55-8F1FC43354BE} = {108BA279-6BB3-4461-B9C1-69A88BB78BE4}
		{2D25EBEB-D6A8-4F56-AAF3-0B20102FCB0B} = {108BA279-6BB3-4461-B9C1-69A88BB78BE4}
		{95CFE400-EA79-4D0E-A401-EF85EFD4C543} = {108BA279-6BB3-4461-B9C1-69A88BB78BE4}
		{498C95D0-5957-4106-B7C0-BB3DF2285AC3} = {83EC5D55-014B-4217-AD9F-7B7AE9D9E64A}
		{08E4BDB1-153B-44AE-9A1F-3E6E10B57C64} = {83EC5D55-014B-4217-AD9F-7B7AE9D9E64A}
		{62F9D77C-CDAD-4C75-BE5E-A1B44EE44544} = {498C95D0-5957-4106-B7C0-BB3DF2285AC3}
		{9898A32B-729D-4009-B551-06716DDAE0CB} = {08E4BDB1-153B-44AE-9A1F-3E6E10B57C64}
		{1A39B423-7E9B-48FA-8C8C-1AE314FFE93A} = {2D25EBEB-D6A8-4F56-AAF3-0B20102FCB0B}
		{0EE0D2D7-26B2-4C24-AF19-5C0997EB00BA} = {95CFE400-EA79-4D0E-A401-EF85EFD4C543}
		{1F22E14E-06C7-4797-BEEA-D1095E16D6D9} = {2D25EBEB-D6A8-4F56-AAF3-0B20102FCB0B}
		{4DC45C18-451C-4E94-884F-1489DA9F821D} = {95CFE400-EA79-4D0E-A401-EF85EFD4C543}
		{4F34B484-D396-4D0D-A440-DCE9D18D8E4C} = {95CFE400-EA79-4D0E-A401-EF85EFD4C543}
		{81BBE931-CCEB-4832-8E4A-E9755ADC8755} = {4F34B484-D396-4D0D-A440-DCE9D18D8E4C}
		{097F0D32-0DF1-40B2-B0B8-90640C210256} = {4F34B484-D396-4D0D-A440-DCE9D18D8E4C}
		{F6F62217-A094-4A3F-B67A-588BCF295A0D} = {B867CA6B-4761-440D-AC55-8F1FC43354BE}
		{7CD68A4D-178F-424B-BA7D-6941138D9024} = {B867CA6B-4761-440D-AC55-8F1FC43354BE}
	EndGlobalSection
	GlobalSection(ExtensibilityGlobals) = postSolution
		SolutionGuid = {25C64722-F6C5-4FDC-96D1-2BB9288A6477}
	EndGlobalSection
EndGlobal
